
Microsoft Visual Studio Solution File, Format Version 12.00
# Visual Studio Version 17
VisualStudioVersion = 17.12.35527.113 d17.12
MinimumVisualStudioVersion = 10.0.40219.1
Project("{FAE04EC0-301F-11D3-BF4B-00C04F79EFBC}") = "KeThua", "KeThua\KeThua.csproj", "{45B38B29-521B-42AD-979C-B3A4DFF6EAA4}"
EndProject
Global
	GlobalSection(SolutionConfigurationPlatforms) = preSolution
		Debug|Any CPU = Debug|Any CPU
		Release|Any CPU = Release|Any CPU
	EndGlobalSection
	GlobalSection(ProjectConfigurationPlatforms) = postSolution
		{45B38B29-521B-42AD-979C-B3A4DFF6EAA4}.Debug|Any CPU.ActiveCfg = Debug|Any CPU
		{45B38B29-521B-42AD-979C-B3A4DFF6EAA4}.Debug|Any CPU.Build.0 = Debug|Any CPU
		{45B38B29-521B-42AD-979C-B3A4DFF6EAA4}.Release|Any CPU.ActiveCfg = Release|Any CPU
		{45B38B29-521B-42AD-979C-B3A4DFF6EAA4}.Release|Any CPU.Build.0 = Release|Any CPU
	EndGlobalSection
	GlobalSection(SolutionProperties) = preSolution
		HideSolutionNode = FALSE
	EndGlobalSection
EndGlobal
